
Microsoft Visual Studio Solution File, Format Version 12.00
# Visual Studio Version 16
VisualStudioVersion = 16.0.29920.165
MinimumVisualStudioVersion = 10.0.40219.1
Project("{8BC9CEB8-8B4A-11D0-8D11-00A0C91BC942}") = "first_project", "first_project\first_project.vcxproj", "{7D54DD41-163B-4CC0-8F0A-A128E526AEAA}"
EndProject
Project("{8BC9CEB8-8B4A-11D0-8D11-00A0C91BC942}") = "predefined_functions", "predefined_functions\predefined_functions.vcxproj", "{090E8BD1-A31F-467E-94D7-ECC5B7D232F9}"
EndProject
Project("{8BC9CEB8-8B4A-11D0-8D11-00A0C91BC942}") = "adding_integers", "adding_integers\adding_integers.vcxproj", "{A99A2B7B-D207-4963-9F2D-3E5E9FF37B05}"
EndProject
Project("{8BC9CEB8-8B4A-11D0-8D11-00A0C91BC942}") = "Account1", "Account1\Account1.vcxproj", "{E06C4DEA-A9BE-43D3-9B59-DE7564AA45E6}"
EndProject
Global
	GlobalSection(SolutionConfigurationPlatforms) = preSolution
		Debug|x64 = Debug|x64
		Debug|x86 = Debug|x86
		Release|x64 = Release|x64
		Release|x86 = Release|x86
	EndGlobalSection
	GlobalSection(ProjectConfigurationPlatforms) = postSolution
		{7D54DD41-163B-4CC0-8F0A-A128E526AEAA}.Debug|x64.ActiveCfg = Debug|x64
		{7D54DD41-163B-4CC0-8F0A-A128E526AEAA}.Debug|x64.Build.0 = Debug|x64
		{7D54DD41-163B-4CC0-8F0A-A128E526AEAA}.Debug|x86.ActiveCfg = Debug|Win32
		{7D54DD41-163B-4CC0-8F0A-A128E526AEAA}.Debug|x86.Build.0 = Debug|Win32
		{7D54DD41-163B-4CC0-8F0A-A128E526AEAA}.Release|x64.ActiveCfg = Release|x64
		{7D54DD41-163B-4CC0-8F0A-A128E526AEAA}.Release|x64.Build.0 = Release|x64
		{7D54DD41-163B-4CC0-8F0A-A128E526AEAA}.Release|x86.ActiveCfg = Release|Win32
		{7D54DD41-163B-4CC0-8F0A-A128E526AEAA}.Release|x86.Build.0 = Release|Win32
		{090E8BD1-A31F-467E-94D7-ECC5B7D232F9}.Debug|x64.ActiveCfg = Debug|x64
		{090E8BD1-A31F-467E-94D7-ECC5B7D232F9}.Debug|x64.Build.0 = Debug|x64
		{090E8BD1-A31F-467E-94D7-ECC5B7D232F9}.Debug|x86.ActiveCfg = Debug|Win32
		{090E8BD1-A31F-467E-94D7-ECC5B7D232F9}.Debug|x86.Build.0 = Debug|Win32
		{090E8BD1-A31F-467E-94D7-ECC5B7D232F9}.Release|x64.ActiveCfg = Release|x64
		{090E8BD1-A31F-467E-94D7-ECC5B7D232F9}.Release|x64.Build.0 = Release|x64
		{090E8BD1-A31F-467E-94D7-ECC5B7D232F9}.Release|x86.ActiveCfg = Release|Win32
		{090E8BD1-A31F-467E-94D7-ECC5B7D232F9}.Release|x86.Build.0 = Release|Win32
		{A99A2B7B-D207-4963-9F2D-3E5E9FF37B05}.Debug|x64.ActiveCfg = Debug|x64
		{A99A2B7B-D207-4963-9F2D-3E5E9FF37B05}.Debug|x64.Build.0 = Debug|x64
		{A99A2B7B-D207-4963-9F2D-3E5E9FF37B05}.Debug|x86.ActiveCfg = Debug|Win32
		{A99A2B7B-D207-4963-9F2D-3E5E9FF37B05}.Debug|x86.Build.0 = Debug|Win32
		{A99A2B7B-D207-4963-9F2D-3E5E9FF37B05}.Release|x64.ActiveCfg = Release|x64
		{A99A2B7B-D207-4963-9F2D-3E5E9FF37B05}.Release|x64.Build.0 = Release|x64
		{A99A2B7B-D207-4963-9F2D-3E5E9FF37B05}.Release|x86.ActiveCfg = Release|Win32
		{A99A2B7B-D207-4963-9F2D-3E5E9FF37B05}.Release|x86.Build.0 = Release|Win32
		{E06C4DEA-A9BE-43D3-9B59-DE7564AA45E6}.Debug|x64.ActiveCfg = Debug|x64
		{E06C4DEA-A9BE-43D3-9B59-DE7564AA45E6}.Debug|x64.Build.0 = Debug|x64
		{E06C4DEA-A9BE-43D3-9B59-DE7564AA45E6}.Debug|x86.ActiveCfg = Debug|Win32
		{E06C4DEA-A9BE-43D3-9B59-DE7564AA45E6}.Debug|x86.Build.0 = Debug|Win32
		{E06C4DEA-A9BE-43D3-9B59-DE7564AA45E6}.Release|x64.ActiveCfg = Release|x64
		{E06C4DEA-A9BE-43D3-9B59-DE7564AA45E6}.Release|x64.Build.0 = Release|x64
		{E06C4DEA-A9BE-43D3-9B59-DE7564AA45E6}.Release|x86.ActiveCfg = Release|Win32
		{E06C4DEA-A9BE-43D3-9B59-DE7564AA45E6}.Release|x86.Build.0 = Release|Win32
	EndGlobalSection
	GlobalSection(SolutionProperties) = preSolution
		HideSolutionNode = FALSE
	EndGlobalSection
	GlobalSection(ExtensibilityGlobals) = postSolution
		SolutionGuid = {1EAA401D-EAEC-4726-8208-3149134704FD}
	EndGlobalSection
EndGlobal
